
Microsoft Visual Studio Solution File, Format Version 12.00
# Visual Studio Version 17
VisualStudioVersion = 17.0.31903.59
MinimumVisualStudioVersion = 10.0.40219.1
Project("{2150E333-8FDC-42A3-9474-1A3956D46DE8}") = "src", "src", "{827E0CD3-B72D-47B6-A68D-7590B98EB39B}"
EndProject
Project("{FAE04EC0-301F-11D3-BF4B-00C04F79EFBC}") = "ToonSharp", "src\ToonSharp\ToonSharp.csproj", "{2F9A2055-56BC-4685-B260-E99856505633}"
EndProject
Project("{FAE04EC0-301F-11D3-BF4B-00C04F79EFBC}") = "ToonSharp.CLI", "src\ToonSharp.CLI\ToonSharp.CLI.csproj", "{C2AE628D-24B2-4D7E-83C6-296A6C0A5213}"
EndProject
Project("{2150E333-8FDC-42A3-9474-1A3956D46DE8}") = "tests", "tests", "{0AB3BF05-4346-4AA6-1389-037BE0695223}"
EndProject
Project("{FAE04EC0-301F-11D3-BF4B-00C04F79EFBC}") = "ToonSharp.Tests", "tests\ToonSharp.Tests\ToonSharp.Tests.csproj", "{979AD4FA-B8DD-4EB9-B0FE-7238DBCB16F8}"
EndProject
Project("{2150E333-8FDC-42A3-9474-1A3956D46DE8}") = "benchmarks", "benchmarks", "{66320409-64EC-F7C5-3DEF-65E7510DAAD1}"
EndProject
Project("{FAE04EC0-301F-11D3-BF4B-00C04F79EFBC}") = "ToonSharp.Benchmarks", "benchmarks\ToonSharp.Benchmarks\ToonSharp.Benchmarks.csproj", "{38EFB468-EBA6-4C41-A13C-7F7328612311}"
EndProject
Global
	GlobalSection(SolutionConfigurationPlatforms) = preSolution
		Debug|Any CPU = Debug|Any CPU
		Debug|x64 = Debug|x64
		Debug|x86 = Debug|x86
		Release|Any CPU = Release|Any CPU
		Release|x64 = Release|x64
		Release|x86 = Release|x86
	EndGlobalSection
	GlobalSection(ProjectConfigurationPlatforms) = postSolution
		{2F9A2055-56BC-4685-B260-E99856505633}.Debug|Any CPU.ActiveCfg = Debug|Any CPU
		{2F9A2055-56BC-4685-B260-E99856505633}.Debug|Any CPU.Build.0 = Debug|Any CPU
		{2F9A2055-56BC-4685-B260-E99856505633}.Debug|x64.ActiveCfg = Debug|Any CPU
		{2F9A2055-56BC-4685-B260-E99856505633}.Debug|x64.Build.0 = Debug|Any CPU
		{2F9A2055-56BC-4685-B260-E99856505633}.Debug|x86.ActiveCfg = Debug|Any CPU
		{2F9A2055-56BC-4685-B260-E99856505633}.Debug|x86.Build.0 = Debug|Any CPU
		{2F9A2055-56BC-4685-B260-E99856505633}.Release|Any CPU.ActiveCfg = Release|Any CPU
		{2F9A2055-56BC-4685-B260-E99856505633}.Release|Any CPU.Build.0 = Release|Any CPU
		{2F9A2055-56BC-4685-B260-E99856505633}.Release|x64.ActiveCfg = Release|Any CPU
		{2F9A2055-56BC-4685-B260-E99856505633}.Release|x64.Build.0 = Release|Any CPU
		{2F9A2055-56BC-4685-B260-E99856505633}.Release|x86.ActiveCfg = Release|Any CPU
		{2F9A2055-56BC-4685-B260-E99856505633}.Release|x86.Build.0 = Release|Any CPU
		{C2AE628D-24B2-4D7E-83C6-296A6C0A5213}.Debug|Any CPU.ActiveCfg = Debug|Any CPU
		{C2AE628D-24B2-4D7E-83C6-296A6C0A5213}.Debug|Any CPU.Build.0 = Debug|Any CPU
		{C2AE628D-24B2-4D7E-83C6-296A6C0A5213}.Debug|x64.ActiveCfg = Debug|Any CPU
		{C2AE628D-24B2-4D7E-83C6-296A6C0A5213}.Debug|x64.Build.0 = Debug|Any CPU
		{C2AE628D-24B2-4D7E-83C6-296A6C0A5213}.Debug|x86.ActiveCfg = Debug|Any CPU
		{C2AE628D-24B2-4D7E-83C6-296A6C0A5213}.Debug|x86.Build.0 = Debug|Any CPU
		{C2AE628D-24B2-4D7E-83C6-296A6C0A5213}.Release|Any CPU.ActiveCfg = Release|Any CPU
		{C2AE628D-24B2-4D7E-83C6-296A6C0A5213}.Release|Any CPU.Build.0 = Release|Any CPU
		{C2AE628D-24B2-4D7E-83C6-296A6C0A5213}.Release|x64.ActiveCfg = Release|Any CPU
		{C2AE628D-24B2-4D7E-83C6-296A6C0A5213}.Release|x64.Build.0 = Release|Any CPU
		{C2AE628D-24B2-4D7E-83C6-296A6C0A5213}.Release|x86.ActiveCfg = Release|Any CPU
		{C2AE628D-24B2-4D7E-83C6-296A6C0A5213}.Release|x86.Build.0 = Release|Any CPU
		{979AD4FA-B8DD-4EB9-B0FE-7238DBCB16F8}.Debug|Any CPU.ActiveCfg = Debug|Any CPU
		{979AD4FA-B8DD-4EB9-B0FE-7238DBCB16F8}.Debug|Any CPU.Build.0 = Debug|Any CPU
		{979AD4FA-B8DD-4EB9-B0FE-7238DBCB16F8}.Debug|x64.ActiveCfg = Debug|Any CPU
		{979AD4FA-B8DD-4EB9-B0FE-7238DBCB16F8}.Debug|x64.Build.0 = Debug|Any CPU
		{979AD4FA-B8DD-4EB9-B0FE-7238DBCB16F8}.Debug|x86.ActiveCfg = Debug|Any CPU
		{979AD4FA-B8DD-4EB9-B0FE-7238DBCB16F8}.Debug|x86.Build.0 = Debug|Any CPU
		{979AD4FA-B8DD-4EB9-B0FE-7238DBCB16F8}.Release|Any CPU.ActiveCfg = Release|Any CPU
		{979AD4FA-B8DD-4EB9-B0FE-7238DBCB16F8}.Release|Any CPU.Build.0 = Release|Any CPU
		{979AD4FA-B8DD-4EB9-B0FE-7238DBCB16F8}.Release|x64.ActiveCfg = Release|Any CPU
		{979AD4FA-B8DD-4EB9-B0FE-7238DBCB16F8}.Release|x64.Build.0 = Release|Any CPU
		{979AD4FA-B8DD-4EB9-B0FE-7238DBCB16F8}.Release|x86.ActiveCfg = Release|Any CPU
		{979AD4FA-B8DD-4EB9-B0FE-7238DBCB16F8}.Release|x86.Build.0 = Release|Any CPU
		{38EFB468-EBA6-4C41-A13C-7F7328612311}.Debug|Any CPU.ActiveCfg = Debug|Any CPU
		{38EFB468-EBA6-4C41-A13C-7F7328612311}.Debug|Any CPU.Build.0 = Debug|Any CPU
		{38EFB468-EBA6-4C41-A13C-7F7328612311}.Debug|x64.ActiveCfg = Debug|Any CPU
		{38EFB468-EBA6-4C41-A13C-7F7328612311}.Debug|x64.Build.0 = Debug|Any CPU
		{38EFB468-EBA6-4C41-A13C-7F7328612311}.Debug|x86.ActiveCfg = Debug|Any CPU
		{38EFB468-EBA6-4C41-A13C-7F7328612311}.Debug|x86.Build.0 = Debug|Any CPU
		{38EFB468-EBA6-4C41-A13C-7F7328612311}.Release|Any CPU.ActiveCfg = Release|Any CPU
		{38EFB468-EBA6-4C41-A13C-7F7328612311}.Release|Any CPU.Build.0 = Release|Any CPU
		{38EFB468-EBA6-4C41-A13C-7F7328612311}.Release|x64.ActiveCfg = Release|Any CPU
		{38EFB468-EBA6-4C41-A13C-7F7328612311}.Release|x64.Build.0 = Release|Any CPU
		{38EFB468-EBA6-4C41-A13C-7F7328612311}.Release|x86.ActiveCfg = Release|Any CPU
		{38EFB468-EBA6-4C41-A13C-7F7328612311}.Release|x86.Build.0 = Release|Any CPU
	EndGlobalSection
	GlobalSection(SolutionProperties) = preSolution
		HideSolutionNode = FALSE
	EndGlobalSection
	GlobalSection(NestedProjects) = preSolution
		{2F9A2055-56BC-4685-B260-E99856505633} = {827E0CD3-B72D-47B6-A68D-7590B98EB39B}
		{C2AE628D-24B2-4D7E-83C6-296A6C0A5213} = {827E0CD3-B72D-47B6-A68D-7590B98EB39B}
		{979AD4FA-B8DD-4EB9-B0FE-7238DBCB16F8} = {0AB3BF05-4346-4AA6-1389-037BE0695223}
		{38EFB468-EBA6-4C41-A13C-7F7328612311} = {66320409-64EC-F7C5-3DEF-65E7510DAAD1}
	EndGlobalSection
EndGlobal
